
Microsoft Visual Studio Solution File, Format Version 12.00
# Visual Studio 15
Project("{FAE04EC0-301F-11D3-BF4B-00C04F79EFBC}") = "Assembly-CSharp-firstpass", "Assembly-CSharp-firstpass.csproj", "{A66E0D66-9828-D9EA-C52F-B4FE73DE3541}"
EndProject
Project("{FAE04EC0-301F-11D3-BF4B-00C04F79EFBC}") = "Assembly-CSharp", "Assembly-CSharp.csproj", "{203057D8-4CC4-916C-7703-A313D5429AE4}"
EndProject
Project("{FAE04EC0-301F-11D3-BF4B-00C04F79EFBC}") = "Assembly-CSharp-Editor", "Assembly-CSharp-Editor.csproj", "{FA3283F2-E759-7690-408E-062B92047DFA}"
EndProject
Project("{FAE04EC0-301F-11D3-BF4B-00C04F79EFBC}") = "Assembly-CSharp-Editor-firstpass", "Assembly-CSharp-Editor-firstpass.csproj", "{FF2C3088-3682-A660-01F8-BB29F2A6DD96}"
EndProject
Global
	GlobalSection(SolutionConfigurationPlatforms) = preSolution
		Debug|Any CPU = Debug|Any CPU
		Release|Any CPU = Release|Any CPU
	EndGlobalSection
	GlobalSection(ProjectConfigurationPlatforms) = postSolution
		{A66E0D66-9828-D9EA-C52F-B4FE73DE3541}.Debug|Any CPU.ActiveCfg = Debug|Any CPU
		{A66E0D66-9828-D9EA-C52F-B4FE73DE3541}.Debug|Any CPU.Build.0 = Debug|Any CPU
		{A66E0D66-9828-D9EA-C52F-B4FE73DE3541}.Release|Any CPU.ActiveCfg = Release|Any CPU
		{A66E0D66-9828-D9EA-C52F-B4FE73DE3541}.Release|Any CPU.Build.0 = Release|Any CPU
		{203057D8-4CC4-916C-7703-A313D5429AE4}.Debug|Any CPU.ActiveCfg = Debug|Any CPU
		{203057D8-4CC4-916C-7703-A313D5429AE4}.Debug|Any CPU.Build.0 = Debug|Any CPU
		{203057D8-4CC4-916C-7703-A313D5429AE4}.Release|Any CPU.ActiveCfg = Release|Any CPU
		{203057D8-4CC4-916C-7703-A313D5429AE4}.Release|Any CPU.Build.0 = Release|Any CPU
		{FA3283F2-E759-7690-408E-062B92047DFA}.Debug|Any CPU.ActiveCfg = Debug|Any CPU
		{FA3283F2-E759-7690-408E-062B92047DFA}.Debug|Any CPU.Build.0 = Debug|Any CPU
		{FA3283F2-E759-7690-408E-062B92047DFA}.Release|Any CPU.ActiveCfg = Release|Any CPU
		{FA3283F2-E759-7690-408E-062B92047DFA}.Release|Any CPU.Build.0 = Release|Any CPU
		{FF2C3088-3682-A660-01F8-BB29F2A6DD96}.Debug|Any CPU.ActiveCfg = Debug|Any CPU
		{FF2C3088-3682-A660-01F8-BB29F2A6DD96}.Debug|Any CPU.Build.0 = Debug|Any CPU
		{FF2C3088-3682-A660-01F8-BB29F2A6DD96}.Release|Any CPU.ActiveCfg = Release|Any CPU
		{FF2C3088-3682-A660-01F8-BB29F2A6DD96}.Release|Any CPU.Build.0 = Release|Any CPU
	EndGlobalSection
	GlobalSection(SolutionProperties) = preSolution
		HideSolutionNode = FALSE
	EndGlobalSection
EndGlobal
